
Microsoft Visual Studio Solution File, Format Version 12.00
# Visual Studio Version 16
VisualStudioVersion = 16.0.31605.320
MinimumVisualStudioVersion = 10.0.40219.1
Project("{FAE04EC0-301F-11D3-BF4B-00C04F79EFBC}") = "negativ", "negativ\negativ.csproj", "{16699EF7-24B0-4782-A773-ABC7586C566F}"
EndProject
Project("{FAE04EC0-301F-11D3-BF4B-00C04F79EFBC}") = "konyv", "konyv\konyv.csproj", "{62CFEFD8-D53E-44BE-85F0-C67567B28430}"
EndProject
Project("{FAE04EC0-301F-11D3-BF4B-00C04F79EFBC}") = "nszam", "nszam\nszam.csproj", "{5B198303-529B-471E-8C1E-8936635C8D8F}"
EndProject
Project("{FAE04EC0-301F-11D3-BF4B-00C04F79EFBC}") = "maxszam", "maxszam\maxszam.csproj", "{1206D8DE-027F-482C-BF7F-7372079E2EAA}"
EndProject
Global
	GlobalSection(SolutionConfigurationPlatforms) = preSolution
		Debug|Any CPU = Debug|Any CPU
		Release|Any CPU = Release|Any CPU
	EndGlobalSection
	GlobalSection(ProjectConfigurationPlatforms) = postSolution
		{16699EF7-24B0-4782-A773-ABC7586C566F}.Debug|Any CPU.ActiveCfg = Debug|Any CPU
		{16699EF7-24B0-4782-A773-ABC7586C566F}.Debug|Any CPU.Build.0 = Debug|Any CPU
		{16699EF7-24B0-4782-A773-ABC7586C566F}.Release|Any CPU.ActiveCfg = Release|Any CPU
		{16699EF7-24B0-4782-A773-ABC7586C566F}.Release|Any CPU.Build.0 = Release|Any CPU
		{62CFEFD8-D53E-44BE-85F0-C67567B28430}.Debug|Any CPU.ActiveCfg = Debug|Any CPU
		{62CFEFD8-D53E-44BE-85F0-C67567B28430}.Debug|Any CPU.Build.0 = Debug|Any CPU
		{62CFEFD8-D53E-44BE-85F0-C67567B28430}.Release|Any CPU.ActiveCfg = Release|Any CPU
		{62CFEFD8-D53E-44BE-85F0-C67567B28430}.Release|Any CPU.Build.0 = Release|Any CPU
		{5B198303-529B-471E-8C1E-8936635C8D8F}.Debug|Any CPU.ActiveCfg = Debug|Any CPU
		{5B198303-529B-471E-8C1E-8936635C8D8F}.Debug|Any CPU.Build.0 = Debug|Any CPU
		{5B198303-529B-471E-8C1E-8936635C8D8F}.Release|Any CPU.ActiveCfg = Release|Any CPU
		{5B198303-529B-471E-8C1E-8936635C8D8F}.Release|Any CPU.Build.0 = Release|Any CPU
		{1206D8DE-027F-482C-BF7F-7372079E2EAA}.Debug|Any CPU.ActiveCfg = Debug|Any CPU
		{1206D8DE-027F-482C-BF7F-7372079E2EAA}.Debug|Any CPU.Build.0 = Debug|Any CPU
		{1206D8DE-027F-482C-BF7F-7372079E2EAA}.Release|Any CPU.ActiveCfg = Release|Any CPU
		{1206D8DE-027F-482C-BF7F-7372079E2EAA}.Release|Any CPU.Build.0 = Release|Any CPU
	EndGlobalSection
	GlobalSection(SolutionProperties) = preSolution
		HideSolutionNode = FALSE
	EndGlobalSection
	GlobalSection(ExtensibilityGlobals) = postSolution
		SolutionGuid = {72377D43-1415-42B9-82C3-493DF0DF481D}
	EndGlobalSection
EndGlobal
